
Microsoft Visual Studio Solution File, Format Version 12.00
# Visual Studio Version 16
VisualStudioVersion = 16.0.31911.196
MinimumVisualStudioVersion = 10.0.40219.1
Project("{FAE04EC0-301F-11D3-BF4B-00C04F79EFBC}") = "AutoService", "AutoService\AutoService.csproj", "{2C595730-4700-4682-AAFE-8F288B8B387C}"
EndProject
Global
	GlobalSection(SolutionConfigurationPlatforms) = preSolution
		Debug|Any CPU = Debug|Any CPU
		Release|Any CPU = Release|Any CPU
	EndGlobalSection
	GlobalSection(ProjectConfigurationPlatforms) = postSolution
		{2C595730-4700-4682-AAFE-8F288B8B387C}.Debug|Any CPU.ActiveCfg = Debug|Any CPU
		{2C595730-4700-4682-AAFE-8F288B8B387C}.Debug|Any CPU.Build.0 = Debug|Any CPU
		{2C595730-4700-4682-AAFE-8F288B8B387C}.Release|Any CPU.ActiveCfg = Release|Any CPU
		{2C595730-4700-4682-AAFE-8F288B8B387C}.Release|Any CPU.Build.0 = Release|Any CPU
	EndGlobalSection
	GlobalSection(SolutionProperties) = preSolution
		HideSolutionNode = FALSE
	EndGlobalSection
	GlobalSection(ExtensibilityGlobals) = postSolution
		SolutionGuid = {3283396B-3FDF-464D-9246-AEDE89AB0597}
	EndGlobalSection
EndGlobal
